
Microsoft Visual Studio Solution File, Format Version 12.00
# Visual Studio Version 16
VisualStudioVersion = 16.0.31313.79
MinimumVisualStudioVersion = 10.0.40219.1
Project("{FAE04EC0-301F-11D3-BF4B-00C04F79EFBC}") = "SloppyJoesMenu", "SloppyJoesMenu\SloppyJoesMenu.csproj", "{8882B6BA-B4C1-4416-AEB2-3CFE061C90BB}"
EndProject
Global
	GlobalSection(SolutionConfigurationPlatforms) = preSolution
		Debug|Any CPU = Debug|Any CPU
		Release|Any CPU = Release|Any CPU
	EndGlobalSection
	GlobalSection(ProjectConfigurationPlatforms) = postSolution
		{8882B6BA-B4C1-4416-AEB2-3CFE061C90BB}.Debug|Any CPU.ActiveCfg = Debug|Any CPU
		{8882B6BA-B4C1-4416-AEB2-3CFE061C90BB}.Debug|Any CPU.Build.0 = Debug|Any CPU
		{8882B6BA-B4C1-4416-AEB2-3CFE061C90BB}.Release|Any CPU.ActiveCfg = Release|Any CPU
		{8882B6BA-B4C1-4416-AEB2-3CFE061C90BB}.Release|Any CPU.Build.0 = Release|Any CPU
	EndGlobalSection
	GlobalSection(SolutionProperties) = preSolution
		HideSolutionNode = FALSE
	EndGlobalSection
	GlobalSection(ExtensibilityGlobals) = postSolution
		SolutionGuid = {85C39E9D-0316-4C43-A0D5-9EBC5B63F38F}
	EndGlobalSection
EndGlobal
